[[package]]
name = "alien-invasion1"
version = "1.0.0"
description = "这是我第一阶段的项目"
category = "main"
optional = false
python-versions = "*"

[[package]]
name = "pygame"
version = "1.9.6"
description = "Python Game Development"
category = "main"
optional = false
python-versions = "*"

[metadata]
lock-version = "1.1"
python-versions = "^3.8"
content-hash = "3a34b5483bc90fb6e24d6731f6e713597db53c6d2bf728477288b1283afa393f"

[metadata.files]
alien-invasion1 = []
pygame = []
